
Microsoft Visual Studio Solution File, Format Version 12.00
# Visual Studio 15
VisualStudioVersion = 15.0.28306.52
MinimumVisualStudioVersion = 10.0.40219.1
Project("{FAE04EC0-301F-11D3-BF4B-00C04F79EFBC}") = "Box of Noodles", "Box of Noodles\Box of Noodles.csproj", "{6AD22FB8-C28D-44D1-9C4E-2628FD58A36D}"
EndProject
Global
	GlobalSection(SolutionConfigurationPlatforms) = preSolution
		Debug|Any CPU = Debug|Any CPU
		Release|Any CPU = Release|Any CPU
	EndGlobalSection
	GlobalSection(ProjectConfigurationPlatforms) = postSolution
		{6AD22FB8-C28D-44D1-9C4E-2628FD58A36D}.Debug|Any CPU.ActiveCfg = Debug|Any CPU
		{6AD22FB8-C28D-44D1-9C4E-2628FD58A36D}.Debug|Any CPU.Build.0 = Debug|Any CPU
		{6AD22FB8-C28D-44D1-9C4E-2628FD58A36D}.Release|Any CPU.ActiveCfg = Release|Any CPU
		{6AD22FB8-C28D-44D1-9C4E-2628FD58A36D}.Release|Any CPU.Build.0 = Release|Any CPU
	EndGlobalSection
	GlobalSection(SolutionProperties) = preSolution
		HideSolutionNode = FALSE
	EndGlobalSection
	GlobalSection(ExtensibilityGlobals) = postSolution
		SolutionGuid = {8D81B975-6C01-4C2D-B1C8-2233A26E25ED}
	EndGlobalSection
EndGlobal
